
Microsoft Visual Studio Solution File, Format Version 9.00
# Visual C# Express 2005
Project("{FAE04EC0-301F-11D3-BF4B-00C04F79EFBC}") = "SimpleHsm", "SimpleHsm\SimpleHsm.csproj", "{15D324C0-FA5D-4C37-A6DC-F02361C4CDC6}"
EndProject
Project("{FAE04EC0-301F-11D3-BF4B-00C04F79EFBC}") = "Oven", "Oven\Oven.csproj", "{4E438F2F-428A-4367-99BC-4AA81E32CAAA}"
	ProjectSection(ProjectDependencies) = postProject
		{15D324C0-FA5D-4C37-A6DC-F02361C4CDC6} = {15D324C0-FA5D-4C37-A6DC-F02361C4CDC6}
	EndProjectSection
EndProject
Project("{FAE04EC0-301F-11D3-BF4B-00C04F79EFBC}") = "Calc", "Calc\Calc.csproj", "{89F14702-0A75-4BFB-92B6-7CD1EDBF1C15}"
EndProject
Global
	GlobalSection(SolutionConfigurationPlatforms) = preSolution
		Debug|Any CPU = Debug|Any CPU
		Release|Any CPU = Release|Any CPU
	EndGlobalSection
	GlobalSection(ProjectConfigurationPlatforms) = postSolution
		{15D324C0-FA5D-4C37-A6DC-F02361C4CDC6}.Debug|Any CPU.ActiveCfg = Debug|Any CPU
		{15D324C0-FA5D-4C37-A6DC-F02361C4CDC6}.Debug|Any CPU.Build.0 = Debug|Any CPU
		{15D324C0-FA5D-4C37-A6DC-F02361C4CDC6}.Release|Any CPU.ActiveCfg = Release|Any CPU
		{15D324C0-FA5D-4C37-A6DC-F02361C4CDC6}.Release|Any CPU.Build.0 = Release|Any CPU
		{4E438F2F-428A-4367-99BC-4AA81E32CAAA}.Debug|Any CPU.ActiveCfg = Debug|Any CPU
		{4E438F2F-428A-4367-99BC-4AA81E32CAAA}.Debug|Any CPU.Build.0 = Debug|Any CPU
		{4E438F2F-428A-4367-99BC-4AA81E32CAAA}.Release|Any CPU.ActiveCfg = Release|Any CPU
		{4E438F2F-428A-4367-99BC-4AA81E32CAAA}.Release|Any CPU.Build.0 = Release|Any CPU
		{89F14702-0A75-4BFB-92B6-7CD1EDBF1C15}.Debug|Any CPU.ActiveCfg = Debug|Any CPU
		{89F14702-0A75-4BFB-92B6-7CD1EDBF1C15}.Debug|Any CPU.Build.0 = Debug|Any CPU
		{89F14702-0A75-4BFB-92B6-7CD1EDBF1C15}.Release|Any CPU.ActiveCfg = Release|Any CPU
		{89F14702-0A75-4BFB-92B6-7CD1EDBF1C15}.Release|Any CPU.Build.0 = Release|Any CPU
	EndGlobalSection
	GlobalSection(SolutionProperties) = preSolution
		HideSolutionNode = FALSE
	EndGlobalSection
EndGlobal
